# This file is automatically @generated by Cargo.
# It is not intended for manual editing.
version = 3

[[package]]
name = "avltriee"
version = "0.14.2"
source = "registry+https://github.com/rust-lang/crates.io-index"
checksum = "67ab65405c876bda8cdae1b1c5592bbcb4872f9c5aa3eba7980648cab33abe4d"

[[package]]
name = "file_mmap"
version = "0.4.0"
source = "registry+https://github.com/rust-lang/crates.io-index"
checksum = "2a683f29e376fab50e1679e96416fda2281b70d1851eed663d2c0b78b2967d1f"
dependencies = [
 "memmap2",
]

[[package]]
name = "idx_binary"
version = "0.3.3"
dependencies = [
 "idx_sized",
 "various_data_file",
]

[[package]]
name = "idx_sized"
version = "0.10.13"
source = "registry+https://github.com/rust-lang/crates.io-index"
checksum = "fb25ad9834e0b19a4f90c06983ac27930e4bf2001202f7f649201174a70ea40a"
dependencies = [
 "avltriee",
 "file_mmap",
]

[[package]]
name = "libc"
version = "0.2.134"
source = "registry+https://github.com/rust-lang/crates.io-index"
checksum = "329c933548736bc49fd575ee68c89e8be4d260064184389a5b77517cddd99ffb"

[[package]]
name = "memmap2"
version = "0.5.7"
source = "registry+https://github.com/rust-lang/crates.io-index"
checksum = "95af15f345b17af2efc8ead6080fb8bc376f8cec1b35277b935637595fe77498"
dependencies = [
 "libc",
]

[[package]]
name = "various_data_file"
version = "0.3.0"
source = "registry+https://github.com/rust-lang/crates.io-index"
checksum = "985049dcb667e7dfcdf4a52906512b5da3ff686a77d48f9167d7f4fdcb59fa9c"
dependencies = [
 "file_mmap",
]
