# This file is automatically @generated by Cargo.
# It is not intended for manual editing.
version = 3

[[package]]
name = "file_mmap"
version = "0.1.1"
dependencies = [
 "memmap2",
]

[[package]]
name = "indexed_data_file"
version = "0.1.0"
dependencies = [
 "file_mmap",
 "tri_avltree",
]

[[package]]
name = "indexed_string"
version = "0.1.0"
dependencies = [
 "indexed_data_file",
 "libc",
 "strings_set_file",
]

[[package]]
name = "libc"
version = "0.2.132"
source = "registry+https://github.com/rust-lang/crates.io-index"
checksum = "8371e4e5341c3a96db127eb2465ac681ced4c433e01dd0e938adbef26ba93ba5"

[[package]]
name = "memmap2"
version = "0.5.7"
source = "registry+https://github.com/rust-lang/crates.io-index"
checksum = "95af15f345b17af2efc8ead6080fb8bc376f8cec1b35277b935637595fe77498"
dependencies = [
 "libc",
]

[[package]]
name = "rustc-hash"
version = "1.1.0"
source = "registry+https://github.com/rust-lang/crates.io-index"
checksum = "08d43f7aa6b08d49f382cde6a7982047c3426db949b1424bc4b7ec9ae12c6ce2"

[[package]]
name = "strings_set_file"
version = "0.1.0"
dependencies = [
 "file_mmap",
]

[[package]]
name = "tri_avltree"
version = "0.1.0"
dependencies = [
 "rustc-hash",
]
